// !$*UTF8*$!
{
	archiveVersion = 1;
	classes = {
	};
	objectVersion = 50;
	objects = {

/* Begin PBXBuildFile section */
		F121C8FE26226467000A5423 /* LeaderDescription.swift in Sources */ = {isa = PBXBuildFile; fileRef = F121C8FD26226467000A5423 /* LeaderDescription.swift */; };
		F1DA5C59262133810075E093 /* Superposition_ProjectApp.swift in Sources */ = {isa = PBXBuildFile; fileRef = F1DA5C58262133810075E093 /* Superposition_ProjectApp.swift */; };
		F1DA5C5B262133810075E093 /* Start.swift in Sources */ = {isa = PBXBuildFile; fileRef = F1DA5C5A262133810075E093 /* Start.swift */; };
		F1DA5C5D262133820075E093 /* Assets.xcassets in Resources */ = {isa = PBXBuildFile; fileRef = F1DA5C5C262133820075E093 /* Assets.xcassets */; };
		F1DA5C60262133820075E093 /* Preview Assets.xcassets in Resources */ = {isa = PBXBuildFile; fileRef = F1DA5C5F262133820075E093 /* Preview Assets.xcassets */; };
		F1DA5C692621550F0075E093 /* Roboto-Regular.ttf in Resources */ = {isa = PBXBuildFile; fileRef = F1DA5C682621550F0075E093 /* Roboto-Regular.ttf */; };
		F1DA5C6C262155190075E093 /* Roboto-Bold.ttf in Resources */ = {isa = PBXBuildFile; fileRef = F1DA5C6B262155190075E093 /* Roboto-Bold.ttf */; };
		F1DA5C6F2621561F0075E093 /* Main.swift in Sources */ = {isa = PBXBuildFile; fileRef = F1DA5C6E2621561F0075E093 /* Main.swift */; };
		F1DA5C75262156970075E093 /* Timeline.swift in Sources */ = {isa = PBXBuildFile; fileRef = F1DA5C74262156970075E093 /* Timeline.swift */; };
		F1DA5C79262156B10075E093 /* Simulation.swift in Sources */ = {isa = PBXBuildFile; fileRef = F1DA5C78262156B10075E093 /* Simulation.swift */; };
		F1DA5C7C262160E50075E093 /* Leader.swift in Sources */ = {isa = PBXBuildFile; fileRef = F1DA5C7B262160E50075E093 /* Leader.swift */; };
		F1DA5C7F2621614B0075E093 /* ModelData.swift in Sources */ = {isa = PBXBuildFile; fileRef = F1DA5C7E2621614B0075E093 /* ModelData.swift */; };
		F1DA5C852621662B0075E093 /* WomanLeader.swift in Sources */ = {isa = PBXBuildFile; fileRef = F1DA5C842621662B0075E093 /* WomanLeader.swift */; };
		F1DA5CB4262173B80075E093 /* leaders.json in Resources */ = {isa = PBXBuildFile; fileRef = F1DA5CB3262173B70075E093 /* leaders.json */; };
		F1DA5CB7262181040075E093 /* GameButton.swift in Sources */ = {isa = PBXBuildFile; fileRef = F1DA5CB6262181040075E093 /* GameButton.swift */; };
/* End PBXBuildFile section */

/* Begin PBXFileReference section */
		F121C8FD26226467000A5423 /* LeaderDescription.swift */ = {isa = PBXFileReference; lastKnownFileType = sourcecode.swift; path = LeaderDescription.swift; sourceTree = "<group>"; };
		F1DA5C55262133810075E093 /* Superposition_Project.app */ = {isa = PBXFileReference; explicitFileType = wrapper.application; includeInIndex = 0; path = Superposition_Project.app; sourceTree = BUILT_PRODUCTS_DIR; };
		F1DA5C58262133810075E093 /* Superposition_ProjectApp.swift */ = {isa = PBXFileReference; lastKnownFileType = sourcecode.swift; path = Superposition_ProjectApp.swift; sourceTree = "<group>"; };
		F1DA5C5A262133810075E093 /* Start.swift */ = {isa = PBXFileReference; lastKnownFileType = sourcecode.swift; path = Start.swift; sourceTree = "<group>"; };
		F1DA5C5C262133820075E093 /* Assets.xcassets */ = {isa = PBXFileReference; lastKnownFileType = folder.assetcatalog; path = Assets.xcassets; sourceTree = "<group>"; };
		F1DA5C5F262133820075E093 /* Preview Assets.xcassets */ = {isa = PBXFileReference; lastKnownFileType = folder.assetcatalog; path = "Preview Assets.xcassets"; sourceTree = "<group>"; };
		F1DA5C61262133820075E093 /* Info.plist */ = {isa = PBXFileReference; lastKnownFileType = text.plist.xml; path = Info.plist; sourceTree = "<group>"; };
		F1DA5C682621550F0075E093 /* Roboto-Regular.ttf */ = {isa = PBXFileReference; lastKnownFileType = file; path = "Roboto-Regular.ttf"; sourceTree = "<group>"; };
		F1DA5C6B262155190075E093 /* Roboto-Bold.ttf */ = {isa = PBXFileReference; lastKnownFileType = file; path = "Roboto-Bold.ttf"; sourceTree = "<group>"; };
		F1DA5C6E2621561F0075E093 /* Main.swift */ = {isa = PBXFileReference; lastKnownFileType = sourcecode.swift; path = Main.swift; sourceTree = "<group>"; };
		F1DA5C74262156970075E093 /* Timeline.swift */ = {isa = PBXFileReference; lastKnownFileType = sourcecode.swift; path = Timeline.swift; sourceTree = "<group>"; };
		F1DA5C78262156B10075E093 /* Simulation.swift */ = {isa = PBXFileReference; lastKnownFileType = sourcecode.swift; path = Simulation.swift; sourceTree = "<group>"; };
		F1DA5C7B262160E50075E093 /* Leader.swift */ = {isa = PBXFileReference; lastKnownFileType = sourcecode.swift; path = Leader.swift; sourceTree = "<group>"; };
		F1DA5C7E2621614B0075E093 /* ModelData.swift */ = {isa = PBXFileReference; lastKnownFileType = sourcecode.swift; path = ModelData.swift; sourceTree = "<group>"; };
		F1DA5C842621662B0075E093 /* WomanLeader.swift */ = {isa = PBXFileReference; lastKnownFileType = sourcecode.swift; path = WomanLeader.swift; sourceTree = "<group>"; };
		F1DA5CB3262173B70075E093 /* leaders.json */ = {isa = PBXFileReference; fileEncoding = 4; lastKnownFileType = text.json; name = leaders.json; path = ../../../../leaders.json; sourceTree = "<group>"; };
		F1DA5CB6262181040075E093 /* GameButton.swift */ = {isa = PBXFileReference; lastKnownFileType = sourcecode.swift; path = GameButton.swift; sourceTree = "<group>"; };
/* End PBXFileReference section */

/* Begin PBXFrameworksBuildPhase section */
		F1DA5C52262133800075E093 /* Frameworks */ = {
			isa = PBXFrameworksBuildPhase;
			buildActionMask = 2147483647;
			files = (
			);
			runOnlyForDeploymentPostprocessing = 0;
		};
/* End PBXFrameworksBuildPhase section */

/* Begin PBXGroup section */
		F1DA5C4C262133800075E093 = {
			isa = PBXGroup;
			children = (
				F1DA5C57262133810075E093 /* Superposition_Project */,
				F1DA5C56262133810075E093 /* Products */,
			);
			sourceTree = "<group>";
		};
		F1DA5C56262133810075E093 /* Products */ = {
			isa = PBXGroup;
			children = (
				F1DA5C55262133810075E093 /* Superposition_Project.app */,
			);
			name = Products;
			sourceTree = "<group>";
		};
		F1DA5C57262133810075E093 /* Superposition_Project */ = {
			isa = PBXGroup;
			children = (
				F1DA5C58262133810075E093 /* Superposition_ProjectApp.swift */,
				F1DA5CB0262173510075E093 /* Views */,
				F1DA5CAE262173310075E093 /* Model */,
				F1DA5CAC262172FF0075E093 /* Resources */,
				F1DA5C682621550F0075E093 /* Roboto-Regular.ttf */,
				F1DA5C6B262155190075E093 /* Roboto-Bold.ttf */,
				F1DA5C5C262133820075E093 /* Assets.xcassets */,
				F1DA5C61262133820075E093 /* Info.plist */,
				F1DA5C5E262133820075E093 /* Preview Content */,
			);
			path = Superposition_Project;
			sourceTree = "<group>";
		};
		F1DA5C5E262133820075E093 /* Preview Content */ = {
			isa = PBXGroup;
			children = (
				F1DA5C5F262133820075E093 /* Preview Assets.xcassets */,
			);
			path = "Preview Content";
			sourceTree = "<group>";
		};
		F1DA5CAC262172FF0075E093 /* Resources */ = {
			isa = PBXGroup;
			children = (
				F1DA5CB3262173B70075E093 /* leaders.json */,
			);
			path = Resources;
			sourceTree = "<group>";
		};
		F1DA5CAE262173310075E093 /* Model */ = {
			isa = PBXGroup;
			children = (
				F1DA5C7E2621614B0075E093 /* ModelData.swift */,
				F1DA5C7B262160E50075E093 /* Leader.swift */,
			);
			path = Model;
			sourceTree = "<group>";
		};
		F1DA5CB0262173510075E093 /* Views */ = {
			isa = PBXGroup;
			children = (
				F1DA5C5A262133810075E093 /* Start.swift */,
				F1DA5C6E2621561F0075E093 /* Main.swift */,
				F1DA5C74262156970075E093 /* Timeline.swift */,
				F1DA5C78262156B10075E093 /* Simulation.swift */,
				F1DA5CB6262181040075E093 /* GameButton.swift */,
				F1DA5C842621662B0075E093 /* WomanLeader.swift */,
				F121C8FD26226467000A5423 /* LeaderDescription.swift */,
			);
			path = Views;
			sourceTree = "<group>";
		};
/* End PBXGroup section */

/* Begin PBXNativeTarget section */
		F1DA5C54262133800075E093 /* Superposition_Project */ = {
			isa = PBXNativeTarget;
			buildConfigurationList = F1DA5C64262133820075E093 /* Build configuration list for PBXNativeTarget "Superposition_Project" */;
			buildPhases = (
				F1DA5C51262133800075E093 /* Sources */,
				F1DA5C52262133800075E093 /* Frameworks */,
				F1DA5C53262133800075E093 /* Resources */,
			);
			buildRules = (
			);
			dependencies = (
			);
			name = Superposition_Project;
			productName = Superposition_Project;
			productReference = F1DA5C55262133810075E093 /* Superposition_Project.app */;
			productType = "com.apple.product-type.application";
		};
/* End PBXNativeTarget section */

/* Begin PBXProject section */
		F1DA5C4D262133800075E093 /* Project object */ = {
			isa = PBXProject;
			attributes = {
				LastSwiftUpdateCheck = 1240;
				LastUpgradeCheck = 1240;
				TargetAttributes = {
					F1DA5C54262133800075E093 = {
						CreatedOnToolsVersion = 12.4;
					};
				};
			};
			buildConfigurationList = F1DA5C50262133800075E093 /* Build configuration list for PBXProject "Superposition_Project" */;
			compatibilityVersion = "Xcode 9.3";
			developmentRegion = en;
			hasScannedForEncodings = 0;
			knownRegions = (
				en,
				Base,
			);
			mainGroup = F1DA5C4C262133800075E093;
			productRefGroup = F1DA5C56262133810075E093 /* Products */;
			projectDirPath = "";
			projectRoot = "";
			targets = (
				F1DA5C54262133800075E093 /* Superposition_Project */,
			);
		};
/* End PBXProject section */

/* Begin PBXResourcesBuildPhase section */
		F1DA5C53262133800075E093 /* Resources */ = {
			isa = PBXResourcesBuildPhase;
			buildActionMask = 2147483647;
			files = (
				F1DA5C692621550F0075E093 /* Roboto-Regular.ttf in Resources */,
				F1DA5C60262133820075E093 /* Preview Assets.xcassets in Resources */,
				F1DA5CB4262173B80075E093 /* leaders.json in Resources */,
				F1DA5C6C262155190075E093 /* Roboto-Bold.ttf in Resources */,
				F1DA5C5D262133820075E093 /* Assets.xcassets in Resources */,
			);
			runOnlyForDeploymentPostprocessing = 0;
		};
/* End PBXResourcesBuildPhase section */

/* Begin PBXSourcesBuildPhase section */
		F1DA5C51262133800075E093 /* Sources */ = {
			isa = PBXSourcesBuildPhase;
			buildActionMask = 2147483647;
			files = (
				F1DA5C6F2621561F0075E093 /* Main.swift in Sources */,
				F1DA5C5B262133810075E093 /* Start.swift in Sources */,
				F1DA5C79262156B10075E093 /* Simulation.swift in Sources */,
				F1DA5C852621662B0075E093 /* WomanLeader.swift in Sources */,
				F1DA5C75262156970075E093 /* Timeline.swift in Sources */,
				F121C8FE26226467000A5423 /* LeaderDescription.swift in Sources */,
				F1DA5C7C262160E50075E093 /* Leader.swift in Sources */,
				F1DA5C59262133810075E093 /* Superposition_ProjectApp.swift in Sources */,
				F1DA5CB7262181040075E093 /* GameButton.swift in Sources */,
				F1DA5C7F2621614B0075E093 /* ModelData.swift in Sources */,
			);
			runOnlyForDeploymentPostprocessing = 0;
		};
/* End PBXSourcesBuildPhase section */

/* Begin XCBuildConfiguration section */
		F1DA5C62262133820075E093 /* Debug */ = {
			isa = XCBuildConfiguration;
			buildSettings = {
				ALWAYS_SEARCH_USER_PATHS = NO;
				CLANG_ANALYZER_NONNULL = YES;
				CLANG_ANALYZER_NUMBER_OBJECT_CONVERSION = YES_AGGRESSIVE;
				CLANG_CXX_LANGUAGE_STANDARD = "gnu++14";
				CLANG_CXX_LIBRARY = "libc++";
				CLANG_ENABLE_MODULES = YES;
				CLANG_ENABLE_OBJC_ARC = YES;
				CLANG_ENABLE_OBJC_WEAK = YES;
				CLANG_WARN_BLOCK_CAPTURE_AUTORELEASING = YES;
				CLANG_WARN_BOOL_CONVERSION = YES;
				CLANG_WARN_COMMA = YES;
				CLANG_WARN_CONSTANT_CONVERSION = YES;
				CLANG_WARN_DEPRECATED_OBJC_IMPLEMENTATIONS = YES;
				CLANG_WARN_DIRECT_OBJC_ISA_USAGE = YES_ERROR;
				CLANG_WARN_DOCUMENTATION_COMMENTS = YES;
				CLANG_WARN_EMPTY_BODY = YES;
				CLANG_WARN_ENUM_CONVERSION = YES;
				CLANG_WARN_INFINITE_RECURSION = YES;
				CLANG_WARN_INT_CONVERSION = YES;
				CLANG_WARN_NON_LITERAL_NULL_CONVERSION = YES;
				CLANG_WARN_OBJC_IMPLICIT_RETAIN_SELF = YES;
				CLANG_WARN_OBJC_LITERAL_CONVERSION = YES;
				CLANG_WARN_OBJC_ROOT_CLASS = YES_ERROR;
				CLANG_WARN_QUOTED_INCLUDE_IN_FRAMEWORK_HEADER = YES;
				CLANG_WARN_RANGE_LOOP_ANALYSIS = YES;
				CLANG_WARN_STRICT_PROTOTYPES = YES;
				CLANG_WARN_SUSPICIOUS_MOVE = YES;
				CLANG_WARN_UNGUARDED_AVAILABILITY = YES_AGGRESSIVE;
				CLANG_WARN_UNREACHABLE_CODE = YES;
				CLANG_WARN__DUPLICATE_METHOD_MATCH = YES;
				COPY_PHASE_STRIP = NO;
				DEBUG_INFORMATION_FORMAT = dwarf;
				ENABLE_STRICT_OBJC_MSGSEND = YES;
				ENABLE_TESTABILITY = YES;
				GCC_C_LANGUAGE_STANDARD = gnu11;
				GCC_DYNAMIC_NO_PIC = NO;
				GCC_NO_COMMON_BLOCKS = YES;
				GCC_OPTIMIZATION_LEVEL = 0;
				GCC_PREPROCESSOR_DEFINITIONS = (
					"DEBUG=1",
					"$(inherited)",
				);
				GCC_WARN_64_TO_32_BIT_CONVERSION = YES;
				GCC_WARN_ABOUT_RETURN_TYPE = YES_ERROR;
				GCC_WARN_UNDECLARED_SELECTOR = YES;
				GCC_WARN_UNINITIALIZED_AUTOS = YES_AGGRESSIVE;
				GCC_WARN_UNUSED_FUNCTION = YES;
				GCC_WARN_UNUSED_VARIABLE = YES;
				IPHONEOS_DEPLOYMENT_TARGET = 14.4;
				MTL_ENABLE_DEBUG_INFO = INCLUDE_SOURCE;
				MTL_FAST_MATH = YES;
				ONLY_ACTIVE_ARCH = YES;
				SDKROOT = iphoneos;
				SWIFT_ACTIVE_COMPILATION_CONDITIONS = DEBUG;
				SWIFT_OPTIMIZATION_LEVEL = "-Onone";
			};
			name = Debug;
		};
		F1DA5C63262133820075E093 /* Release */ = {
			isa = XCBuildConfiguration;
			buildSettings = {
				ALWAYS_SEARCH_USER_PATHS = NO;
				CLANG_ANALYZER_NONNULL = YES;
				CLANG_ANALYZER_NUMBER_OBJECT_CONVERSION = YES_AGGRESSIVE;
				CLANG_CXX_LANGUAGE_STANDARD = "gnu++14";
				CLANG_CXX_LIBRARY = "libc++";
				CLANG_ENABLE_MODULES = YES;
				CLANG_ENABLE_OBJC_ARC = YES;
				CLANG_ENABLE_OBJC_WEAK = YES;
				CLANG_WARN_BLOCK_CAPTURE_AUTORELEASING = YES;
				CLANG_WARN_BOOL_CONVERSION = YES;
				CLANG_WARN_COMMA = YES;
				CLANG_WARN_CONSTANT_CONVERSION = YES;
				CLANG_WARN_DEPRECATED_OBJC_IMPLEMENTATIONS = YES;
				CLANG_WARN_DIRECT_OBJC_ISA_USAGE = YES_ERROR;
				CLANG_WARN_DOCUMENTATION_COMMENTS = YES;
				CLANG_WARN_EMPTY_BODY = YES;
				CLANG_WARN_ENUM_CONVERSION = YES;
				CLANG_WARN_INFINITE_RECURSION = YES;
				CLANG_WARN_INT_CONVERSION = YES;
				CLANG_WARN_NON_LITERAL_NULL_CONVERSION = YES;
				CLANG_WARN_OBJC_IMPLICIT_RETAIN_SELF = YES;
				CLANG_WARN_OBJC_LITERAL_CONVERSION = YES;
				CLANG_WARN_OBJC_ROOT_CLASS = YES_ERROR;
				CLANG_WARN_QUOTED_INCLUDE_IN_FRAMEWORK_HEADER = YES;
				CLANG_WARN_RANGE_LOOP_ANALYSIS = YES;
				CLANG_WARN_STRICT_PROTOTYPES = YES;
				CLANG_WARN_SUSPICIOUS_MOVE = YES;
				CLANG_WARN_UNGUARDED_AVAILABILITY = YES_AGGRESSIVE;
				CLANG_WARN_UNREACHABLE_CODE = YES;
				CLANG_WARN__DUPLICATE_METHOD_MATCH = YES;
				COPY_PHASE_STRIP = NO;
				DEBUG_INFORMATION_FORMAT = "dwarf-with-dsym";
				ENABLE_NS_ASSERTIONS = NO;
				ENABLE_STRICT_OBJC_MSGSEND = YES;
				GCC_C_LANGUAGE_STANDARD = gnu11;
				GCC_NO_COMMON_BLOCKS = YES;
				GCC_WARN_64_TO_32_BIT_CONVERSION = YES;
				GCC_WARN_ABOUT_RETURN_TYPE = YES_ERROR;
				GCC_WARN_UNDECLARED_SELECTOR = YES;
				GCC_WARN_UNINITIALIZED_AUTOS = YES_AGGRESSIVE;
				GCC_WARN_UNUSED_FUNCTION = YES;
				GCC_WARN_UNUSED_VARIABLE = YES;
				IPHONEOS_DEPLOYMENT_TARGET = 14.4;
				MTL_ENABLE_DEBUG_INFO = NO;
				MTL_FAST_MATH = YES;
				SDKROOT = iphoneos;
				SWIFT_COMPILATION_MODE = wholemodule;
				SWIFT_OPTIMIZATION_LEVEL = "-O";
				VALIDATE_PRODUCT = YES;
			};
			name = Release;
		};
		F1DA5C65262133820075E093 /* Debug */ = {
			isa = XCBuildConfiguration;
			buildSettings = {
				ASSETCATALOG_COMPILER_APPICON_NAME = AppIcon;
				ASSETCATALOG_COMPILER_GLOBAL_ACCENT_COLOR_NAME = AccentColor;
				CODE_SIGN_STYLE = Automatic;
				DEVELOPMENT_ASSET_PATHS = "\"Superposition_Project/Preview Content\"";
				ENABLE_PREVIEWS = YES;
				INFOPLIST_FILE = Superposition_Project/Info.plist;
				IPHONEOS_DEPLOYMENT_TARGET = 14.0;
				LD_RUNPATH_SEARCH_PATHS = (
					"$(inherited)",
					"@executable_path/Frameworks",
				);
				PRODUCT_BUNDLE_IDENTIFIER = "com.ParulVeda.Superposition-Project";
				PRODUCT_NAME = "$(TARGET_NAME)";
				SWIFT_VERSION = 5.0;
				TARGETED_DEVICE_FAMILY = "1,2";
			};
			name = Debug;
		};
		F1DA5C66262133820075E093 /* Release */ = {
			isa = XCBuildConfiguration;
			buildSettings = {
				ASSETCATALOG_COMPILER_APPICON_NAME = AppIcon;
				ASSETCATALOG_COMPILER_GLOBAL_ACCENT_COLOR_NAME = AccentColor;
				CODE_SIGN_STYLE = Automatic;
				DEVELOPMENT_ASSET_PATHS = "\"Superposition_Project/Preview Content\"";
				ENABLE_PREVIEWS = YES;
				INFOPLIST_FILE = Superposition_Project/Info.plist;
				IPHONEOS_DEPLOYMENT_TARGET = 14.0;
				LD_RUNPATH_SEARCH_PATHS = (
					"$(inherited)",
					"@executable_path/Frameworks",
				);
				PRODUCT_BUNDLE_IDENTIFIER = "com.ParulVeda.Superposition-Project";
				PRODUCT_NAME = "$(TARGET_NAME)";
				SWIFT_VERSION = 5.0;
				TARGETED_DEVICE_FAMILY = "1,2";
			};
			name = Release;
		};
/* End XCBuildConfiguration section */

/* Begin XCConfigurationList section */
		F1DA5C50262133800075E093 /* Build configuration list for PBXProject "Superposition_Project" */ = {
			isa = XCConfigurationList;
			buildConfigurations = (
				F1DA5C62262133820075E093 /* Debug */,
				F1DA5C63262133820075E093 /* Release */,
			);
			defaultConfigurationIsVisible = 0;
			defaultConfigurationName = Release;
		};
		F1DA5C64262133820075E093 /* Build configuration list for PBXNativeTarget "Superposition_Project" */ = {
			isa = XCConfigurationList;
			buildConfigurations = (
				F1DA5C65262133820075E093 /* Debug */,
				F1DA5C66262133820075E093 /* Release */,
			);
			defaultConfigurationIsVisible = 0;
			defaultConfigurationName = Release;
		};
/* End XCConfigurationList section */
	};
	rootObject = F1DA5C4D262133800075E093 /* Project object */;
}
